// !$*UTF8*$!
{
	archiveVersion = 1;
	classes = {
	};
	objectVersion = 55;
	objects = {

/* Begin PBXBuildFile section */
		40DB193F25555CD9F9BA3B0A /* Pods_Reciplease.framework in Frameworks */ = {isa = PBXBuildFile; fileRef = 32C618768A3750F2C1C186A3 /* Pods_Reciplease.framework */; };
		520E71592764DB9C00D8777A /* RecipeViewController.swift in Sources */ = {isa = PBXBuildFile; fileRef = 520E71582764DB9C00D8777A /* RecipeViewController.swift */; };
		520E715C2764F1BD00D8777A /* RecipeIngredientTableViewCell.swift in Sources */ = {isa = PBXBuildFile; fileRef = 520E715B2764F1BD00D8777A /* RecipeIngredientTableViewCell.swift */; };
		520E715E2764F99700D8777A /* Shared.swift in Sources */ = {isa = PBXBuildFile; fileRef = 520E715D2764F99700D8777A /* Shared.swift */; };
		520E71602765147A00D8777A /* RecipeData.json in Resources */ = {isa = PBXBuildFile; fileRef = 520E715F2765147A00D8777A /* RecipeData.json */; };
		523A74F7275FAB2D00165607 /* RecipeFavorite+CoreDataClass.swift in Sources */ = {isa = PBXBuildFile; fileRef = 523A74F5275FAB2D00165607 /* RecipeFavorite+CoreDataClass.swift */; };
		523A74F8275FAB2D00165607 /* RecipeFavorite+CoreDataProperties.swift in Sources */ = {isa = PBXBuildFile; fileRef = 523A74F6275FAB2D00165607 /* RecipeFavorite+CoreDataProperties.swift */; };
		523A74FA275FAD9900165607 /* CoreDataController.swift in Sources */ = {isa = PBXBuildFile; fileRef = 523A74F9275FAD9900165607 /* CoreDataController.swift */; };
		52456FC8275E4B4300F13309 /* Token.swift in Sources */ = {isa = PBXBuildFile; fileRef = 52456FC7275E4B4300F13309 /* Token.swift */; };
		52456FCA275E4ECF00F13309 /* NetworkController.swift in Sources */ = {isa = PBXBuildFile; fileRef = 52456FC9275E4ECF00F13309 /* NetworkController.swift */; };
		52456FCC275E54B900F13309 /* ApiError.swift in Sources */ = {isa = PBXBuildFile; fileRef = 52456FCB275E54B900F13309 /* ApiError.swift */; };
		52472874276E4D2900445BF2 /* FakeURLProtocol.swift in Sources */ = {isa = PBXBuildFile; fileRef = 52472873276E4D2900445BF2 /* FakeURLProtocol.swift */; };
		52472876276E4D5C00445BF2 /* FakeResponseData.swift in Sources */ = {isa = PBXBuildFile; fileRef = 52472875276E4D5C00445BF2 /* FakeResponseData.swift */; };
		52472878276E4EEE00445BF2 /* FakeRecipeResponseData.swift in Sources */ = {isa = PBXBuildFile; fileRef = 52472877276E4EEE00445BF2 /* FakeRecipeResponseData.swift */; };
		529CE169276294B90007B6EC /* SearchIngredientTableViewCell.swift in Sources */ = {isa = PBXBuildFile; fileRef = 529CE168276294B90007B6EC /* SearchIngredientTableViewCell.swift */; };
		529CE16B2763A9DE0007B6EC /* FavoriteListViewController.swift in Sources */ = {isa = PBXBuildFile; fileRef = 529CE16A2763A9DE0007B6EC /* FavoriteListViewController.swift */; };
		52DEEA4C275D3DD400548415 /* AppDelegate.swift in Sources */ = {isa = PBXBuildFile; fileRef = 52DEEA4B275D3DD400548415 /* AppDelegate.swift */; };
		52DEEA4E275D3DD400548415 /* SceneDelegate.swift in Sources */ = {isa = PBXBuildFile; fileRef = 52DEEA4D275D3DD400548415 /* SceneDelegate.swift */; };
		52DEEA50275D3DD400548415 /* ViewController.swift in Sources */ = {isa = PBXBuildFile; fileRef = 52DEEA4F275D3DD400548415 /* ViewController.swift */; };
		52DEEA53275D3DD400548415 /* Main.storyboard in Resources */ = {isa = PBXBuildFile; fileRef = 52DEEA51275D3DD400548415 /* Main.storyboard */; };
		52DEEA56275D3DD400548415 /* Reciplease.xcdatamodeld in Sources */ = {isa = PBXBuildFile; fileRef = 52DEEA54275D3DD400548415 /* Reciplease.xcdatamodeld */; };
		52DEEA58275D3DD500548415 /* Assets.xcassets in Resources */ = {isa = PBXBuildFile; fileRef = 52DEEA57275D3DD500548415 /* Assets.xcassets */; };
		52DEEA5B275D3DD500548415 /* LaunchScreen.storyboard in Resources */ = {isa = PBXBuildFile; fileRef = 52DEEA59275D3DD500548415 /* LaunchScreen.storyboard */; };
		52DEEA66275D3DD500548415 /* RecipleaseTests.swift in Sources */ = {isa = PBXBuildFile; fileRef = 52DEEA65275D3DD500548415 /* RecipleaseTests.swift */; };
		52DEEA70275D3DD500548415 /* RecipleaseUITests.swift in Sources */ = {isa = PBXBuildFile; fileRef = 52DEEA6F275D3DD500548415 /* RecipleaseUITests.swift */; };
		52DEEA72275D3DD500548415 /* RecipleaseUITestsLaunchTests.swift in Sources */ = {isa = PBXBuildFile; fileRef = 52DEEA71275D3DD500548415 /* RecipleaseUITestsLaunchTests.swift */; };
		52DEEA83275D4AA200548415 /* RecipeData.swift in Sources */ = {isa = PBXBuildFile; fileRef = 52DEEA82275D4AA200548415 /* RecipeData.swift */; };
		52DEEA85275E1CB000548415 /* MainUITabBarController.swift in Sources */ = {isa = PBXBuildFile; fileRef = 52DEEA84275E1CB000548415 /* MainUITabBarController.swift */; };
		52E1F55C276142A500D4D3CB /* SearchViewController.swift in Sources */ = {isa = PBXBuildFile; fileRef = 52E1F55B276142A500D4D3CB /* SearchViewController.swift */; };
		52E1F55E276142BE00D4D3CB /* RecipesListViewController.swift in Sources */ = {isa = PBXBuildFile; fileRef = 52E1F55D276142BE00D4D3CB /* RecipesListViewController.swift */; };
		52E1F5602761462100D4D3CB /* RecipeTableViewCell.xib in Resources */ = {isa = PBXBuildFile; fileRef = 52E1F55F2761462100D4D3CB /* RecipeTableViewCell.xib */; };
		52E1F5642761F1C500D4D3CB /* RecipeTableViewCell.swift in Sources */ = {isa = PBXBuildFile; fileRef = 52E1F5632761F1C500D4D3CB /* RecipeTableViewCell.swift */; };
		52F456592767C1CB00B06646 /* UIColor+Extension.swift in Sources */ = {isa = PBXBuildFile; fileRef = 52F456582767C1CB00B06646 /* UIColor+Extension.swift */; };
		52F4565B2767CC4500B06646 /* Painting.swift in Sources */ = {isa = PBXBuildFile; fileRef = 52F4565A2767CC4400B06646 /* Painting.swift */; };
/* End PBXBuildFile section */

/* Begin PBXContainerItemProxy section */
		52DEEA62275D3DD500548415 /* PBXContainerItemProxy */ = {
			isa = PBXContainerItemProxy;
			containerPortal = 52DEEA40275D3DD400548415 /* Project object */;
			proxyType = 1;
			remoteGlobalIDString = 52DEEA47275D3DD400548415;
			remoteInfo = Reciplease;
		};
		52DEEA6C275D3DD500548415 /* PBXContainerItemProxy */ = {
			isa = PBXContainerItemProxy;
			containerPortal = 52DEEA40275D3DD400548415 /* Project object */;
			proxyType = 1;
			remoteGlobalIDString = 52DEEA47275D3DD400548415;
			remoteInfo = Reciplease;
		};
/* End PBXContainerItemProxy section */

/* Begin PBXFileReference section */
		32C618768A3750F2C1C186A3 /* Pods_Reciplease.framework */ = {isa = PBXFileReference; explicitFileType = wrapper.framework; includeInIndex = 0; path = Pods_Reciplease.framework; sourceTree = BUILT_PRODUCTS_DIR; };
		520E71582764DB9C00D8777A /* RecipeViewController.swift */ = {isa = PBXFileReference; lastKnownFileType = sourcecode.swift; path = RecipeViewController.swift; sourceTree = "<group>"; };
		520E715B2764F1BD00D8777A /* RecipeIngredientTableViewCell.swift */ = {isa = PBXFileReference; lastKnownFileType = sourcecode.swift; path = RecipeIngredientTableViewCell.swift; sourceTree = "<group>"; };
		520E715D2764F99700D8777A /* Shared.swift */ = {isa = PBXFileReference; lastKnownFileType = sourcecode.swift; path = Shared.swift; sourceTree = "<group>"; };
		520E715F2765147A00D8777A /* RecipeData.json */ = {isa = PBXFileReference; lastKnownFileType = text.json; path = RecipeData.json; sourceTree = "<group>"; };
		523A74F5275FAB2D00165607 /* RecipeFavorite+CoreDataClass.swift */ = {isa = PBXFileReference; lastKnownFileType = sourcecode.swift; path = "RecipeFavorite+CoreDataClass.swift"; sourceTree = "<group>"; };
		523A74F6275FAB2D00165607 /* RecipeFavorite+CoreDataProperties.swift */ = {isa = PBXFileReference; lastKnownFileType = sourcecode.swift; path = "RecipeFavorite+CoreDataProperties.swift"; sourceTree = "<group>"; };
		523A74F9275FAD9900165607 /* CoreDataController.swift */ = {isa = PBXFileReference; lastKnownFileType = sourcecode.swift; name = CoreDataController.swift; path = Reciplease/Model/CoreData/CoreDataController.swift; sourceTree = SOURCE_ROOT; };
		52456FC7275E4B4300F13309 /* Token.swift */ = {isa = PBXFileReference; lastKnownFileType = sourcecode.swift; path = Token.swift; sourceTree = "<group>"; };
		52456FC9275E4ECF00F13309 /* NetworkController.swift */ = {isa = PBXFileReference; lastKnownFileType = sourcecode.swift; path = NetworkController.swift; sourceTree = "<group>"; };
		52456FCB275E54B900F13309 /* ApiError.swift */ = {isa = PBXFileReference; lastKnownFileType = sourcecode.swift; path = ApiError.swift; sourceTree = "<group>"; };
		52472873276E4D2900445BF2 /* FakeURLProtocol.swift */ = {isa = PBXFileReference; lastKnownFileType = sourcecode.swift; path = FakeURLProtocol.swift; sourceTree = "<group>"; };
		52472875276E4D5C00445BF2 /* FakeResponseData.swift */ = {isa = PBXFileReference; lastKnownFileType = sourcecode.swift; path = FakeResponseData.swift; sourceTree = "<group>"; };
		52472877276E4EEE00445BF2 /* FakeRecipeResponseData.swift */ = {isa = PBXFileReference; lastKnownFileType = sourcecode.swift; path = FakeRecipeResponseData.swift; sourceTree = "<group>"; };
		529CE168276294B90007B6EC /* SearchIngredientTableViewCell.swift */ = {isa = PBXFileReference; lastKnownFileType = sourcecode.swift; path = SearchIngredientTableViewCell.swift; sourceTree = "<group>"; };
		529CE16A2763A9DE0007B6EC /* FavoriteListViewController.swift */ = {isa = PBXFileReference; lastKnownFileType = sourcecode.swift; path = FavoriteListViewController.swift; sourceTree = "<group>"; };
		52DEEA48275D3DD400548415 /* Reciplease.app */ = {isa = PBXFileReference; explicitFileType = wrapper.application; includeInIndex = 0; path = Reciplease.app; sourceTree = BUILT_PRODUCTS_DIR; };
		52DEEA4B275D3DD400548415 /* AppDelegate.swift */ = {isa = PBXFileReference; lastKnownFileType = sourcecode.swift; path = AppDelegate.swift; sourceTree = "<group>"; };
		52DEEA4D275D3DD400548415 /* SceneDelegate.swift */ = {isa = PBXFileReference; lastKnownFileType = sourcecode.swift; path = SceneDelegate.swift; sourceTree = "<group>"; };
		52DEEA4F275D3DD400548415 /* ViewController.swift */ = {isa = PBXFileReference; lastKnownFileType = sourcecode.swift; path = ViewController.swift; sourceTree = "<group>"; };
		52DEEA52275D3DD400548415 /* Base */ = {isa = PBXFileReference; lastKnownFileType = file.storyboard; name = Base; path = Base.lproj/Main.storyboard; sourceTree = "<group>"; };
		52DEEA55275D3DD400548415 /* Reciplease.xcdatamodel */ = {isa = PBXFileReference; lastKnownFileType = wrapper.xcdatamodel; path = Reciplease.xcdatamodel; sourceTree = "<group>"; };
		52DEEA57275D3DD500548415 /* Assets.xcassets */ = {isa = PBXFileReference; lastKnownFileType = folder.assetcatalog; path = Assets.xcassets; sourceTree = "<group>"; };
		52DEEA5A275D3DD500548415 /* Base */ = {isa = PBXFileReference; lastKnownFileType = file.storyboard; name = Base; path = Base.lproj/LaunchScreen.storyboard; sourceTree = "<group>"; };
		52DEEA5C275D3DD500548415 /* Info.plist */ = {isa = PBXFileReference; lastKnownFileType = text.plist.xml; path = Info.plist; sourceTree = "<group>"; };
		52DEEA61275D3DD500548415 /* RecipleaseTests.xctest */ = {isa = PBXFileReference; explicitFileType = wrapper.cfbundle; includeInIndex = 0; path = RecipleaseTests.xctest; sourceTree = BUILT_PRODUCTS_DIR; };
		52DEEA65275D3DD500548415 /* RecipleaseTests.swift */ = {isa = PBXFileReference; lastKnownFileType = sourcecode.swift; path = RecipleaseTests.swift; sourceTree = "<group>"; };
		52DEEA6B275D3DD500548415 /* RecipleaseUITests.xctest */ = {isa = PBXFileReference; explicitFileType = wrapper.cfbundle; includeInIndex = 0; path = RecipleaseUITests.xctest; sourceTree = BUILT_PRODUCTS_DIR; };
		52DEEA6F275D3DD500548415 /* RecipleaseUITests.swift */ = {isa = PBXFileReference; lastKnownFileType = sourcecode.swift; path = RecipleaseUITests.swift; sourceTree = "<group>"; };
		52DEEA71275D3DD500548415 /* RecipleaseUITestsLaunchTests.swift */ = {isa = PBXFileReference; lastKnownFileType = sourcecode.swift; path = RecipleaseUITestsLaunchTests.swift; sourceTree = "<group>"; };
		52DEEA82275D4AA200548415 /* RecipeData.swift */ = {isa = PBXFileReference; lastKnownFileType = sourcecode.swift; path = RecipeData.swift; sourceTree = "<group>"; };
		52DEEA84275E1CB000548415 /* MainUITabBarController.swift */ = {isa = PBXFileReference; lastKnownFileType = sourcecode.swift; path = MainUITabBarController.swift; sourceTree = "<group>"; };
		52E1F55B276142A500D4D3CB /* SearchViewController.swift */ = {isa = PBXFileReference; lastKnownFileType = sourcecode.swift; path = SearchViewController.swift; sourceTree = "<group>"; };
		52E1F55D276142BE00D4D3CB /* RecipesListViewController.swift */ = {isa = PBXFileReference; lastKnownFileType = sourcecode.swift; path = RecipesListViewController.swift; sourceTree = "<group>"; };
		52E1F55F2761462100D4D3CB /* RecipeTableViewCell.xib */ = {isa = PBXFileReference; lastKnownFileType = file.xib; path = RecipeTableViewCell.xib; sourceTree = "<group>"; };
		52E1F5632761F1C500D4D3CB /* RecipeTableViewCell.swift */ = {isa = PBXFileReference; lastKnownFileType = sourcecode.swift; path = RecipeTableViewCell.swift; sourceTree = "<group>"; };
		52F456582767C1CB00B06646 /* UIColor+Extension.swift */ = {isa = PBXFileReference; lastKnownFileType = sourcecode.swift; path = "UIColor+Extension.swift"; sourceTree = "<group>"; };
		52F4565A2767CC4400B06646 /* Painting.swift */ = {isa = PBXFileReference; lastKnownFileType = sourcecode.swift; path = Painting.swift; sourceTree = "<group>"; };
		6BEFB068AFAAA4E5FD3C472C /* Pods-Reciplease.debug.xcconfig */ = {isa = PBXFileReference; includeInIndex = 1; lastKnownFileType = text.xcconfig; name = "Pods-Reciplease.debug.xcconfig"; path = "Target Support Files/Pods-Reciplease/Pods-Reciplease.debug.xcconfig"; sourceTree = "<group>"; };
		D98169024F7753DDE40D614C /* Pods-Reciplease.release.xcconfig */ = {isa = PBXFileReference; includeInIndex = 1; lastKnownFileType = text.xcconfig; name = "Pods-Reciplease.release.xcconfig"; path = "Target Support Files/Pods-Reciplease/Pods-Reciplease.release.xcconfig"; sourceTree = "<group>"; };
/* End PBXFileReference section */

/* Begin PBXFrameworksBuildPhase section */
		52DEEA45275D3DD400548415 /* Frameworks */ = {
			isa = PBXFrameworksBuildPhase;
			buildActionMask = 2147483647;
			files = (
				40DB193F25555CD9F9BA3B0A /* Pods_Reciplease.framework in Frameworks */,
			);
			runOnlyForDeploymentPostprocessing = 0;
		};
		52DEEA5E275D3DD500548415 /* Frameworks */ = {
			isa = PBXFrameworksBuildPhase;
			buildActionMask = 2147483647;
			files = (
			);
			runOnlyForDeploymentPostprocessing = 0;
		};
		52DEEA68275D3DD500548415 /* Frameworks */ = {
			isa = PBXFrameworksBuildPhase;
			buildActionMask = 2147483647;
			files = (
			);
			runOnlyForDeploymentPostprocessing = 0;
		};
/* End PBXFrameworksBuildPhase section */

/* Begin PBXGroup section */
		520E71562764D9A600D8777A /* Main Views */ = {
			isa = PBXGroup;
			children = (
				52E1F55B276142A500D4D3CB /* SearchViewController.swift */,
				529CE16A2763A9DE0007B6EC /* FavoriteListViewController.swift */,
			);
			path = "Main Views";
			sourceTree = "<group>";
		};
		520E71572764D9D100D8777A /* Next Views */ = {
			isa = PBXGroup;
			children = (
				52E1F55D276142BE00D4D3CB /* RecipesListViewController.swift */,
				520E71582764DB9C00D8777A /* RecipeViewController.swift */,
			);
			path = "Next Views";
			sourceTree = "<group>";
		};
		520E715A2764DEB800D8777A /* Tabs */ = {
			isa = PBXGroup;
			children = (
				52DEEA84275E1CB000548415 /* MainUITabBarController.swift */,
			);
			path = Tabs;
			sourceTree = "<group>";
		};
		523A74FB275FB4F000165607 /* Data */ = {
			isa = PBXGroup;
			children = (
				52DEEA82275D4AA200548415 /* RecipeData.swift */,
			);
			path = Data;
			sourceTree = "<group>";
		};
		52456FC6275E4B1B00F13309 /* Network */ = {
			isa = PBXGroup;
			children = (
				52456FC7275E4B4300F13309 /* Token.swift */,
				52456FCB275E54B900F13309 /* ApiError.swift */,
				52456FC9275E4ECF00F13309 /* NetworkController.swift */,
			);
			path = Network;
			sourceTree = "<group>";
		};
		52472872276E42CD00445BF2 /* Support */ = {
			isa = PBXGroup;
			children = (
				52DEEA57275D3DD500548415 /* Assets.xcassets */,
				52DEEA4B275D3DD400548415 /* AppDelegate.swift */,
				52DEEA4D275D3DD400548415 /* SceneDelegate.swift */,
			);
			path = Support;
			sourceTree = "<group>";
		};
		52472879276E5C0200445BF2 /* Layout */ = {
			isa = PBXGroup;
			children = (
				52F4565A2767CC4400B06646 /* Painting.swift */,
				520E715D2764F99700D8777A /* Shared.swift */,
			);
			path = Layout;
			sourceTree = "<group>";
		};
		529CB140275F63D200A4145A /* CoreData */ = {
			isa = PBXGroup;
			children = (
				52DEEA54275D3DD400548415 /* Reciplease.xcdatamodeld */,
				523A74F9275FAD9900165607 /* CoreDataController.swift */,
				523A74F5275FAB2D00165607 /* RecipeFavorite+CoreDataClass.swift */,
				523A74F6275FAB2D00165607 /* RecipeFavorite+CoreDataProperties.swift */,
			);
			path = CoreData;
			sourceTree = "<group>";
		};
		529CE167276294870007B6EC /* Cells */ = {
			isa = PBXGroup;
			children = (
				52E1F55F2761462100D4D3CB /* RecipeTableViewCell.xib */,
				52E1F5632761F1C500D4D3CB /* RecipeTableViewCell.swift */,
				529CE168276294B90007B6EC /* SearchIngredientTableViewCell.swift */,
				520E715B2764F1BD00D8777A /* RecipeIngredientTableViewCell.swift */,
			);
			path = Cells;
			sourceTree = "<group>";
		};
		52DEEA3F275D3DD400548415 = {
			isa = PBXGroup;
			children = (
				52DEEA4A275D3DD400548415 /* Reciplease */,
				52DEEA64275D3DD500548415 /* RecipleaseTests */,
				52DEEA6E275D3DD500548415 /* RecipleaseUITests */,
				52DEEA49275D3DD400548415 /* Products */,
				E64448A4550FB2BA4D93C195 /* Pods */,
				97DEBFE891222A0E24E56A2F /* Frameworks */,
			);
			sourceTree = "<group>";
		};
		52DEEA49275D3DD400548415 /* Products */ = {
			isa = PBXGroup;
			children = (
				52DEEA48275D3DD400548415 /* Reciplease.app */,
				52DEEA61275D3DD500548415 /* RecipleaseTests.xctest */,
				52DEEA6B275D3DD500548415 /* RecipleaseUITests.xctest */,
			);
			name = Products;
			sourceTree = "<group>";
		};
		52DEEA4A275D3DD400548415 /* Reciplease */ = {
			isa = PBXGroup;
			children = (
				52DEEA5C275D3DD500548415 /* Info.plist */,
				52472872276E42CD00445BF2 /* Support */,
				52F456572767C1B100B06646 /* Extension */,
				52DEEA7E275D422200548415 /* Model */,
				52DEEA7F275D422F00548415 /* View */,
				52DEEA80275D423800548415 /* Controller */,
			);
			path = Reciplease;
			sourceTree = "<group>";
		};
		52DEEA64275D3DD500548415 /* RecipleaseTests */ = {
			isa = PBXGroup;
			children = (
				52DEEA65275D3DD500548415 /* RecipleaseTests.swift */,
				52472873276E4D2900445BF2 /* FakeURLProtocol.swift */,
				52472875276E4D5C00445BF2 /* FakeResponseData.swift */,
				520E715F2765147A00D8777A /* RecipeData.json */,
				52472877276E4EEE00445BF2 /* FakeRecipeResponseData.swift */,
			);
			path = RecipleaseTests;
			sourceTree = "<group>";
		};
		52DEEA6E275D3DD500548415 /* RecipleaseUITests */ = {
			isa = PBXGroup;
			children = (
				52DEEA6F275D3DD500548415 /* RecipleaseUITests.swift */,
				52DEEA71275D3DD500548415 /* RecipleaseUITestsLaunchTests.swift */,
			);
			path = RecipleaseUITests;
			sourceTree = "<group>";
		};
		52DEEA7E275D422200548415 /* Model */ = {
			isa = PBXGroup;
			children = (
				523A74FB275FB4F000165607 /* Data */,
				529CB140275F63D200A4145A /* CoreData */,
				52456FC6275E4B1B00F13309 /* Network */,
			);
			path = Model;
			sourceTree = "<group>";
		};
		52DEEA7F275D422F00548415 /* View */ = {
			isa = PBXGroup;
			children = (
				52DEEA51275D3DD400548415 /* Main.storyboard */,
				52DEEA59275D3DD500548415 /* LaunchScreen.storyboard */,
				52472879276E5C0200445BF2 /* Layout */,
				520E715A2764DEB800D8777A /* Tabs */,
				529CE167276294870007B6EC /* Cells */,
			);
			path = View;
			sourceTree = "<group>";
		};
		52DEEA80275D423800548415 /* Controller */ = {
			isa = PBXGroup;
			children = (
				52DEEA4F275D3DD400548415 /* ViewController.swift */,
				520E71562764D9A600D8777A /* Main Views */,
				520E71572764D9D100D8777A /* Next Views */,
			);
			path = Controller;
			sourceTree = "<group>";
		};
		52F456572767C1B100B06646 /* Extension */ = {
			isa = PBXGroup;
			children = (
				52F456582767C1CB00B06646 /* UIColor+Extension.swift */,
			);
			path = Extension;
			sourceTree = "<group>";
		};
		97DEBFE891222A0E24E56A2F /* Frameworks */ = {
			isa = PBXGroup;
			children = (
				32C618768A3750F2C1C186A3 /* Pods_Reciplease.framework */,
			);
			name = Frameworks;
			sourceTree = "<group>";
		};
		E64448A4550FB2BA4D93C195 /* Pods */ = {
			isa = PBXGroup;
			children = (
				6BEFB068AFAAA4E5FD3C472C /* Pods-Reciplease.debug.xcconfig */,
				D98169024F7753DDE40D614C /* Pods-Reciplease.release.xcconfig */,
			);
			path = Pods;
			sourceTree = "<group>";
		};
/* End PBXGroup section */

/* Begin PBXNativeTarget section */
		52DEEA47275D3DD400548415 /* Reciplease */ = {
			isa = PBXNativeTarget;
			buildConfigurationList = 52DEEA75275D3DD500548415 /* Build configuration list for PBXNativeTarget "Reciplease" */;
			buildPhases = (
				492298EE884AAE89590C79EA /* [CP] Check Pods Manifest.lock */,
				52DEEA44275D3DD400548415 /* Sources */,
				52DEEA45275D3DD400548415 /* Frameworks */,
				52DEEA46275D3DD400548415 /* Resources */,
				9CC0B402F112A5637C7AC5B6 /* [CP] Embed Pods Frameworks */,
			);
			buildRules = (
			);
			dependencies = (
			);
			name = Reciplease;
			productName = Reciplease;
			productReference = 52DEEA48275D3DD400548415 /* Reciplease.app */;
			productType = "com.apple.product-type.application";
		};
		52DEEA60275D3DD500548415 /* RecipleaseTests */ = {
			isa = PBXNativeTarget;
			buildConfigurationList = 52DEEA78275D3DD500548415 /* Build configuration list for PBXNativeTarget "RecipleaseTests" */;
			buildPhases = (
				52DEEA5D275D3DD500548415 /* Sources */,
				52DEEA5E275D3DD500548415 /* Frameworks */,
				52DEEA5F275D3DD500548415 /* Resources */,
			);
			buildRules = (
			);
			dependencies = (
				52DEEA63275D3DD500548415 /* PBXTargetDependency */,
			);
			name = RecipleaseTests;
			productName = RecipleaseTests;
			productReference = 52DEEA61275D3DD500548415 /* RecipleaseTests.xctest */;
			productType = "com.apple.product-type.bundle.unit-test";
		};
		52DEEA6A275D3DD500548415 /* RecipleaseUITests */ = {
			isa = PBXNativeTarget;
			buildConfigurationList = 52DEEA7B275D3DD500548415 /* Build configuration list for PBXNativeTarget "RecipleaseUITests" */;
			buildPhases = (
				52DEEA67275D3DD500548415 /* Sources */,
				52DEEA68275D3DD500548415 /* Frameworks */,
				52DEEA69275D3DD500548415 /* Resources */,
			);
			buildRules = (
			);
			dependencies = (
				52DEEA6D275D3DD500548415 /* PBXTargetDependency */,
			);
			name = RecipleaseUITests;
			productName = RecipleaseUITests;
			productReference = 52DEEA6B275D3DD500548415 /* RecipleaseUITests.xctest */;
			productType = "com.apple.product-type.bundle.ui-testing";
		};
/* End PBXNativeTarget section */

/* Begin PBXProject section */
		52DEEA40275D3DD400548415 /* Project object */ = {
			isa = PBXProject;
			attributes = {
				BuildIndependentTargetsInParallel = 1;
				LastSwiftUpdateCheck = 1310;
				LastUpgradeCheck = 1310;
				TargetAttributes = {
					52DEEA47275D3DD400548415 = {
						CreatedOnToolsVersion = 13.1;
					};
					52DEEA60275D3DD500548415 = {
						CreatedOnToolsVersion = 13.1;
						TestTargetID = 52DEEA47275D3DD400548415;
					};
					52DEEA6A275D3DD500548415 = {
						CreatedOnToolsVersion = 13.1;
						TestTargetID = 52DEEA47275D3DD400548415;
					};
				};
			};
			buildConfigurationList = 52DEEA43275D3DD400548415 /* Build configuration list for PBXProject "Reciplease" */;
			compatibilityVersion = "Xcode 13.0";
			developmentRegion = en;
			hasScannedForEncodings = 0;
			knownRegions = (
				en,
				Base,
			);
			mainGroup = 52DEEA3F275D3DD400548415;
			productRefGroup = 52DEEA49275D3DD400548415 /* Products */;
			projectDirPath = "";
			projectRoot = "";
			targets = (
				52DEEA47275D3DD400548415 /* Reciplease */,
				52DEEA60275D3DD500548415 /* RecipleaseTests */,
				52DEEA6A275D3DD500548415 /* RecipleaseUITests */,
			);
		};
/* End PBXProject section */

/* Begin PBXResourcesBuildPhase section */
		52DEEA46275D3DD400548415 /* Resources */ = {
			isa = PBXResourcesBuildPhase;
			buildActionMask = 2147483647;
			files = (
				520E71602765147A00D8777A /* RecipeData.json in Resources */,
				52DEEA5B275D3DD500548415 /* LaunchScreen.storyboard in Resources */,
				52DEEA58275D3DD500548415 /* Assets.xcassets in Resources */,
				52DEEA53275D3DD400548415 /* Main.storyboard in Resources */,
				52E1F5602761462100D4D3CB /* RecipeTableViewCell.xib in Resources */,
			);
			runOnlyForDeploymentPostprocessing = 0;
		};
		52DEEA5F275D3DD500548415 /* Resources */ = {
			isa = PBXResourcesBuildPhase;
			buildActionMask = 2147483647;
			files = (
			);
			runOnlyForDeploymentPostprocessing = 0;
		};
		52DEEA69275D3DD500548415 /* Resources */ = {
			isa = PBXResourcesBuildPhase;
			buildActionMask = 2147483647;
			files = (
			);
			runOnlyForDeploymentPostprocessing = 0;
		};
/* End PBXResourcesBuildPhase section */

/* Begin PBXShellScriptBuildPhase section */
		492298EE884AAE89590C79EA /* [CP] Check Pods Manifest.lock */ = {
			isa = PBXShellScriptBuildPhase;
			buildActionMask = 2147483647;
			files = (
			);
			inputFileListPaths = (
			);
			inputPaths = (
				"${PODS_PODFILE_DIR_PATH}/Podfile.lock",
				"${PODS_ROOT}/Manifest.lock",
			);
			name = "[CP] Check Pods Manifest.lock";
			outputFileListPaths = (
			);
			outputPaths = (
				"$(DERIVED_FILE_DIR)/Pods-Reciplease-checkManifestLockResult.txt",
			);
			runOnlyForDeploymentPostprocessing = 0;
			shellPath = /bin/sh;
			shellScript = "diff \"${PODS_PODFILE_DIR_PATH}/Podfile.lock\" \"${PODS_ROOT}/Manifest.lock\" > /dev/null\nif [ $? != 0 ] ; then\n    # print error to STDERR\n    echo \"error: The sandbox is not in sync with the Podfile.lock. Run 'pod install' or update your CocoaPods installation.\" >&2\n    exit 1\nfi\n# This output is used by Xcode 'outputs' to avoid re-running this script phase.\necho \"SUCCESS\" > \"${SCRIPT_OUTPUT_FILE_0}\"\n";
			showEnvVarsInLog = 0;
		};
		9CC0B402F112A5637C7AC5B6 /* [CP] Embed Pods Frameworks */ = {
			isa = PBXShellScriptBuildPhase;
			buildActionMask = 2147483647;
			files = (
			);
			inputFileListPaths = (
				"${PODS_ROOT}/Target Support Files/Pods-Reciplease/Pods-Reciplease-frameworks-${CONFIGURATION}-input-files.xcfilelist",
			);
			name = "[CP] Embed Pods Frameworks";
			outputFileListPaths = (
				"${PODS_ROOT}/Target Support Files/Pods-Reciplease/Pods-Reciplease-frameworks-${CONFIGURATION}-output-files.xcfilelist",
			);
			runOnlyForDeploymentPostprocessing = 0;
			shellPath = /bin/sh;
			shellScript = "\"${PODS_ROOT}/Target Support Files/Pods-Reciplease/Pods-Reciplease-frameworks.sh\"\n";
			showEnvVarsInLog = 0;
		};
/* End PBXShellScriptBuildPhase section */

/* Begin PBXSourcesBuildPhase section */
		52DEEA44275D3DD400548415 /* Sources */ = {
			isa = PBXSourcesBuildPhase;
			buildActionMask = 2147483647;
			files = (
				523A74F7275FAB2D00165607 /* RecipeFavorite+CoreDataClass.swift in Sources */,
				52F456592767C1CB00B06646 /* UIColor+Extension.swift in Sources */,
				529CE16B2763A9DE0007B6EC /* FavoriteListViewController.swift in Sources */,
				52DEEA85275E1CB000548415 /* MainUITabBarController.swift in Sources */,
				520E715C2764F1BD00D8777A /* RecipeIngredientTableViewCell.swift in Sources */,
				52DEEA56275D3DD400548415 /* Reciplease.xcdatamodeld in Sources */,
				52E1F55E276142BE00D4D3CB /* RecipesListViewController.swift in Sources */,
				52456FCC275E54B900F13309 /* ApiError.swift in Sources */,
				52DEEA50275D3DD400548415 /* ViewController.swift in Sources */,
				52F4565B2767CC4500B06646 /* Painting.swift in Sources */,
				52456FCA275E4ECF00F13309 /* NetworkController.swift in Sources */,
				520E71592764DB9C00D8777A /* RecipeViewController.swift in Sources */,
				520E715E2764F99700D8777A /* Shared.swift in Sources */,
				523A74FA275FAD9900165607 /* CoreDataController.swift in Sources */,
				52E1F55C276142A500D4D3CB /* SearchViewController.swift in Sources */,
				52DEEA4C275D3DD400548415 /* AppDelegate.swift in Sources */,
				52DEEA83275D4AA200548415 /* RecipeData.swift in Sources */,
				523A74F8275FAB2D00165607 /* RecipeFavorite+CoreDataProperties.swift in Sources */,
				529CE169276294B90007B6EC /* SearchIngredientTableViewCell.swift in Sources */,
				52DEEA4E275D3DD400548415 /* SceneDelegate.swift in Sources */,
				52456FC8275E4B4300F13309 /* Token.swift in Sources */,
				52E1F5642761F1C500D4D3CB /* RecipeTableViewCell.swift in Sources */,
			);
			runOnlyForDeploymentPostprocessing = 0;
		};
		52DEEA5D275D3DD500548415 /* Sources */ = {
			isa = PBXSourcesBuildPhase;
			buildActionMask = 2147483647;
			files = (
				52472874276E4D2900445BF2 /* FakeURLProtocol.swift in Sources */,
				52DEEA66275D3DD500548415 /* RecipleaseTests.swift in Sources */,
				52472876276E4D5C00445BF2 /* FakeResponseData.swift in Sources */,
				52472878276E4EEE00445BF2 /* FakeRecipeResponseData.swift in Sources */,
			);
			runOnlyForDeploymentPostprocessing = 0;
		};
		52DEEA67275D3DD500548415 /* Sources */ = {
			isa = PBXSourcesBuildPhase;
			buildActionMask = 2147483647;
			files = (
				52DEEA70275D3DD500548415 /* RecipleaseUITests.swift in Sources */,
				52DEEA72275D3DD500548415 /* RecipleaseUITestsLaunchTests.swift in Sources */,
			);
			runOnlyForDeploymentPostprocessing = 0;
		};
/* End PBXSourcesBuildPhase section */

/* Begin PBXTargetDependency section */
		52DEEA63275D3DD500548415 /* PBXTargetDependency */ = {
			isa = PBXTargetDependency;
			target = 52DEEA47275D3DD400548415 /* Reciplease */;
			targetProxy = 52DEEA62275D3DD500548415 /* PBXContainerItemProxy */;
		};
		52DEEA6D275D3DD500548415 /* PBXTargetDependency */ = {
			isa = PBXTargetDependency;
			target = 52DEEA47275D3DD400548415 /* Reciplease */;
			targetProxy = 52DEEA6C275D3DD500548415 /* PBXContainerItemProxy */;
		};
/* End PBXTargetDependency section */

/* Begin PBXVariantGroup section */
		52DEEA51275D3DD400548415 /* Main.storyboard */ = {
			isa = PBXVariantGroup;
			children = (
				52DEEA52275D3DD400548415 /* Base */,
			);
			name = Main.storyboard;
			sourceTree = "<group>";
		};
		52DEEA59275D3DD500548415 /* LaunchScreen.storyboard */ = {
			isa = PBXVariantGroup;
			children = (
				52DEEA5A275D3DD500548415 /* Base */,
			);
			name = LaunchScreen.storyboard;
			sourceTree = "<group>";
		};
/* End PBXVariantGroup section */

/* Begin XCBuildConfiguration section */
		52DEEA73275D3DD500548415 /* Debug */ = {
			isa = XCBuildConfiguration;
			buildSettings = {
				ALWAYS_SEARCH_USER_PATHS = NO;
				CLANG_ANALYZER_NONNULL = YES;
				CLANG_ANALYZER_NUMBER_OBJECT_CONVERSION = YES_AGGRESSIVE;
				CLANG_CXX_LANGUAGE_STANDARD = "gnu++17";
				CLANG_CXX_LIBRARY = "libc++";
				CLANG_ENABLE_MODULES = YES;
				CLANG_ENABLE_OBJC_ARC = YES;
				CLANG_ENABLE_OBJC_WEAK = YES;
				CLANG_WARN_BLOCK_CAPTURE_AUTORELEASING = YES;
				CLANG_WARN_BOOL_CONVERSION = YES;
				CLANG_WARN_COMMA = YES;
				CLANG_WARN_CONSTANT_CONVERSION = YES;
				CLANG_WARN_DEPRECATED_OBJC_IMPLEMENTATIONS = YES;
				CLANG_WARN_DIRECT_OBJC_ISA_USAGE = YES_ERROR;
				CLANG_WARN_DOCUMENTATION_COMMENTS = YES;
				CLANG_WARN_EMPTY_BODY = YES;
				CLANG_WARN_ENUM_CONVERSION = YES;
				CLANG_WARN_INFINITE_RECURSION = YES;
				CLANG_WARN_INT_CONVERSION = YES;
				CLANG_WARN_NON_LITERAL_NULL_CONVERSION = YES;
				CLANG_WARN_OBJC_IMPLICIT_RETAIN_SELF = YES;
				CLANG_WARN_OBJC_LITERAL_CONVERSION = YES;
				CLANG_WARN_OBJC_ROOT_CLASS = YES_ERROR;
				CLANG_WARN_QUOTED_INCLUDE_IN_FRAMEWORK_HEADER = YES;
				CLANG_WARN_RANGE_LOOP_ANALYSIS = YES;
				CLANG_WARN_STRICT_PROTOTYPES = YES;
				CLANG_WARN_SUSPICIOUS_MOVE = YES;
				CLANG_WARN_UNGUARDED_AVAILABILITY = YES_AGGRESSIVE;
				CLANG_WARN_UNREACHABLE_CODE = YES;
				CLANG_WARN__DUPLICATE_METHOD_MATCH = YES;
				COPY_PHASE_STRIP = NO;
				DEBUG_INFORMATION_FORMAT = dwarf;
				ENABLE_STRICT_OBJC_MSGSEND = YES;
				ENABLE_TESTABILITY = YES;
				GCC_C_LANGUAGE_STANDARD = gnu11;
				GCC_DYNAMIC_NO_PIC = NO;
				GCC_NO_COMMON_BLOCKS = YES;
				GCC_OPTIMIZATION_LEVEL = 0;
				GCC_PREPROCESSOR_DEFINITIONS = (
					"DEBUG=1",
					"$(inherited)",
				);
				GCC_WARN_64_TO_32_BIT_CONVERSION = YES;
				GCC_WARN_ABOUT_RETURN_TYPE = YES_ERROR;
				GCC_WARN_UNDECLARED_SELECTOR = YES;
				GCC_WARN_UNINITIALIZED_AUTOS = YES_AGGRESSIVE;
				GCC_WARN_UNUSED_FUNCTION = YES;
				GCC_WARN_UNUSED_VARIABLE = YES;
				IPHONEOS_DEPLOYMENT_TARGET = 15.0;
				MTL_ENABLE_DEBUG_INFO = INCLUDE_SOURCE;
				MTL_FAST_MATH = YES;
				ONLY_ACTIVE_ARCH = YES;
				SDKROOT = iphoneos;
				SWIFT_ACTIVE_COMPILATION_CONDITIONS = DEBUG;
				SWIFT_OPTIMIZATION_LEVEL = "-Onone";
			};
			name = Debug;
		};
		52DEEA74275D3DD500548415 /* Release */ = {
			isa = XCBuildConfiguration;
			buildSettings = {
				ALWAYS_SEARCH_USER_PATHS = NO;
				CLANG_ANALYZER_NONNULL = YES;
				CLANG_ANALYZER_NUMBER_OBJECT_CONVERSION = YES_AGGRESSIVE;
				CLANG_CXX_LANGUAGE_STANDARD = "gnu++17";
				CLANG_CXX_LIBRARY = "libc++";
				CLANG_ENABLE_MODULES = YES;
				CLANG_ENABLE_OBJC_ARC = YES;
				CLANG_ENABLE_OBJC_WEAK = YES;
				CLANG_WARN_BLOCK_CAPTURE_AUTORELEASING = YES;
				CLANG_WARN_BOOL_CONVERSION = YES;
				CLANG_WARN_COMMA = YES;
				CLANG_WARN_CONSTANT_CONVERSION = YES;
				CLANG_WARN_DEPRECATED_OBJC_IMPLEMENTATIONS = YES;
				CLANG_WARN_DIRECT_OBJC_ISA_USAGE = YES_ERROR;
				CLANG_WARN_DOCUMENTATION_COMMENTS = YES;
				CLANG_WARN_EMPTY_BODY = YES;
				CLANG_WARN_ENUM_CONVERSION = YES;
				CLANG_WARN_INFINITE_RECURSION = YES;
				CLANG_WARN_INT_CONVERSION = YES;
				CLANG_WARN_NON_LITERAL_NULL_CONVERSION = YES;
				CLANG_WARN_OBJC_IMPLICIT_RETAIN_SELF = YES;
				CLANG_WARN_OBJC_LITERAL_CONVERSION = YES;
				CLANG_WARN_OBJC_ROOT_CLASS = YES_ERROR;
				CLANG_WARN_QUOTED_INCLUDE_IN_FRAMEWORK_HEADER = YES;
				CLANG_WARN_RANGE_LOOP_ANALYSIS = YES;
				CLANG_WARN_STRICT_PROTOTYPES = YES;
				CLANG_WARN_SUSPICIOUS_MOVE = YES;
				CLANG_WARN_UNGUARDED_AVAILABILITY = YES_AGGRESSIVE;
				CLANG_WARN_UNREACHABLE_CODE = YES;
				CLANG_WARN__DUPLICATE_METHOD_MATCH = YES;
				COPY_PHASE_STRIP = NO;
				DEBUG_INFORMATION_FORMAT = "dwarf-with-dsym";
				ENABLE_NS_ASSERTIONS = NO;
				ENABLE_STRICT_OBJC_MSGSEND = YES;
				GCC_C_LANGUAGE_STANDARD = gnu11;
				GCC_NO_COMMON_BLOCKS = YES;
				GCC_WARN_64_TO_32_BIT_CONVERSION = YES;
				GCC_WARN_ABOUT_RETURN_TYPE = YES_ERROR;
				GCC_WARN_UNDECLARED_SELECTOR = YES;
				GCC_WARN_UNINITIALIZED_AUTOS = YES_AGGRESSIVE;
				GCC_WARN_UNUSED_FUNCTION = YES;
				GCC_WARN_UNUSED_VARIABLE = YES;
				IPHONEOS_DEPLOYMENT_TARGET = 15.0;
				MTL_ENABLE_DEBUG_INFO = NO;
				MTL_FAST_MATH = YES;
				SDKROOT = iphoneos;
				SWIFT_COMPILATION_MODE = wholemodule;
				SWIFT_OPTIMIZATION_LEVEL = "-O";
				VALIDATE_PRODUCT = YES;
			};
			name = Release;
		};
		52DEEA76275D3DD500548415 /* Debug */ = {
			isa = XCBuildConfiguration;
			baseConfigurationReference = 6BEFB068AFAAA4E5FD3C472C /* Pods-Reciplease.debug.xcconfig */;
			buildSettings = {
				ASSETCATALOG_COMPILER_APPICON_NAME = AppIcon;
				ASSETCATALOG_COMPILER_GLOBAL_ACCENT_COLOR_NAME = AccentColor;
				CODE_SIGN_STYLE = Automatic;
				CURRENT_PROJECT_VERSION = 1;
				DEVELOPMENT_TEAM = B3ALNAM59J;
				GENERATE_INFOPLIST_FILE = YES;
				INFOPLIST_FILE = Reciplease/Info.plist;
				INFOPLIST_KEY_CFBundleDisplayName = Reciplease;
				INFOPLIST_KEY_UIApplicationSupportsIndirectInputEvents = YES;
				INFOPLIST_KEY_UILaunchStoryboardName = LaunchScreen;
				INFOPLIST_KEY_UIMainStoryboardFile = Main;
				INFOPLIST_KEY_UISupportedInterfaceOrientations_iPad = "UIInterfaceOrientationPortrait UIInterfaceOrientationPortraitUpsideDown UIInterfaceOrientationLandscapeLeft UIInterfaceOrientationLandscapeRight";
				INFOPLIST_KEY_UISupportedInterfaceOrientations_iPhone = "UIInterfaceOrientationPortrait UIInterfaceOrientationLandscapeLeft UIInterfaceOrientationLandscapeRight";
				LD_RUNPATH_SEARCH_PATHS = (
					"$(inherited)",
					"@executable_path/Frameworks",
				);
				MARKETING_VERSION = 1.0;
				PRODUCT_BUNDLE_IDENTIFIER = pnfrc.Reciplease;
				PRODUCT_NAME = "$(TARGET_NAME)";
				SWIFT_EMIT_LOC_STRINGS = YES;
				SWIFT_VERSION = 5.0;
				TARGETED_DEVICE_FAMILY = 1;
			};
			name = Debug;
		};
		52DEEA77275D3DD500548415 /* Release */ = {
			isa = XCBuildConfiguration;
			baseConfigurationReference = D98169024F7753DDE40D614C /* Pods-Reciplease.release.xcconfig */;
			buildSettings = {
				ASSETCATALOG_COMPILER_APPICON_NAME = AppIcon;
				ASSETCATALOG_COMPILER_GLOBAL_ACCENT_COLOR_NAME = AccentColor;
				CODE_SIGN_STYLE = Automatic;
				CURRENT_PROJECT_VERSION = 1;
				DEVELOPMENT_TEAM = B3ALNAM59J;
				GENERATE_INFOPLIST_FILE = YES;
				INFOPLIST_FILE = Reciplease/Info.plist;
				INFOPLIST_KEY_CFBundleDisplayName = Reciplease;
				INFOPLIST_KEY_UIApplicationSupportsIndirectInputEvents = YES;
				INFOPLIST_KEY_UILaunchStoryboardName = LaunchScreen;
				INFOPLIST_KEY_UIMainStoryboardFile = Main;
				INFOPLIST_KEY_UISupportedInterfaceOrientations_iPad = "UIInterfaceOrientationPortrait UIInterfaceOrientationPortraitUpsideDown UIInterfaceOrientationLandscapeLeft UIInterfaceOrientationLandscapeRight";
				INFOPLIST_KEY_UISupportedInterfaceOrientations_iPhone = "UIInterfaceOrientationPortrait UIInterfaceOrientationLandscapeLeft UIInterfaceOrientationLandscapeRight";
				LD_RUNPATH_SEARCH_PATHS = (
					"$(inherited)",
					"@executable_path/Frameworks",
				);
				MARKETING_VERSION = 1.0;
				PRODUCT_BUNDLE_IDENTIFIER = pnfrc.Reciplease;
				PRODUCT_NAME = "$(TARGET_NAME)";
				SWIFT_EMIT_LOC_STRINGS = YES;
				SWIFT_VERSION = 5.0;
				TARGETED_DEVICE_FAMILY = 1;
			};
			name = Release;
		};
		52DEEA79275D3DD500548415 /* Debug */ = {
			isa = XCBuildConfiguration;
			buildSettings = {
				ALWAYS_EMBED_SWIFT_STANDARD_LIBRARIES = YES;
				BUNDLE_LOADER = "$(TEST_HOST)";
				CODE_SIGN_STYLE = Automatic;
				CURRENT_PROJECT_VERSION = 1;
				DEVELOPMENT_TEAM = B3ALNAM59J;
				GENERATE_INFOPLIST_FILE = YES;
				IPHONEOS_DEPLOYMENT_TARGET = 15.0;
				LD_RUNPATH_SEARCH_PATHS = (
					"$(inherited)",
					"@executable_path/Frameworks",
					"@loader_path/Frameworks",
				);
				MARKETING_VERSION = 1.0;
				PRODUCT_BUNDLE_IDENTIFIER = pnfrc.RecipleaseTests;
				PRODUCT_NAME = "$(TARGET_NAME)";
				SWIFT_EMIT_LOC_STRINGS = NO;
				SWIFT_VERSION = 5.0;
				TARGETED_DEVICE_FAMILY = "1,2";
				TEST_HOST = "$(BUILT_PRODUCTS_DIR)/Reciplease.app/Reciplease";
			};
			name = Debug;
		};
		52DEEA7A275D3DD500548415 /* Release */ = {
			isa = XCBuildConfiguration;
			buildSettings = {
				ALWAYS_EMBED_SWIFT_STANDARD_LIBRARIES = YES;
				BUNDLE_LOADER = "$(TEST_HOST)";
				CODE_SIGN_STYLE = Automatic;
				CURRENT_PROJECT_VERSION = 1;
				DEVELOPMENT_TEAM = B3ALNAM59J;
				GENERATE_INFOPLIST_FILE = YES;
				IPHONEOS_DEPLOYMENT_TARGET = 15.0;
				LD_RUNPATH_SEARCH_PATHS = (
					"$(inherited)",
					"@executable_path/Frameworks",
					"@loader_path/Frameworks",
				);
				MARKETING_VERSION = 1.0;
				PRODUCT_BUNDLE_IDENTIFIER = pnfrc.RecipleaseTests;
				PRODUCT_NAME = "$(TARGET_NAME)";
				SWIFT_EMIT_LOC_STRINGS = NO;
				SWIFT_VERSION = 5.0;
				TARGETED_DEVICE_FAMILY = "1,2";
				TEST_HOST = "$(BUILT_PRODUCTS_DIR)/Reciplease.app/Reciplease";
			};
			name = Release;
		};
		52DEEA7C275D3DD500548415 /* Debug */ = {
			isa = XCBuildConfiguration;
			buildSettings = {
				ALWAYS_EMBED_SWIFT_STANDARD_LIBRARIES = YES;
				CODE_SIGN_STYLE = Automatic;
				CURRENT_PROJECT_VERSION = 1;
				DEVELOPMENT_TEAM = B3ALNAM59J;
				GENERATE_INFOPLIST_FILE = YES;
				LD_RUNPATH_SEARCH_PATHS = (
					"$(inherited)",
					"@executable_path/Frameworks",
					"@loader_path/Frameworks",
				);
				MARKETING_VERSION = 1.0;
				PRODUCT_BUNDLE_IDENTIFIER = pnfrc.RecipleaseUITests;
				PRODUCT_NAME = "$(TARGET_NAME)";
				SWIFT_EMIT_LOC_STRINGS = NO;
				SWIFT_VERSION = 5.0;
				TARGETED_DEVICE_FAMILY = "1,2";
				TEST_TARGET_NAME = Reciplease;
			};
			name = Debug;
		};
		52DEEA7D275D3DD500548415 /* Release */ = {
			isa = XCBuildConfiguration;
			buildSettings = {
				ALWAYS_EMBED_SWIFT_STANDARD_LIBRARIES = YES;
				CODE_SIGN_STYLE = Automatic;
				CURRENT_PROJECT_VERSION = 1;
				DEVELOPMENT_TEAM = B3ALNAM59J;
				GENERATE_INFOPLIST_FILE = YES;
				LD_RUNPATH_SEARCH_PATHS = (
					"$(inherited)",
					"@executable_path/Frameworks",
					"@loader_path/Frameworks",
				);
				MARKETING_VERSION = 1.0;
				PRODUCT_BUNDLE_IDENTIFIER = pnfrc.RecipleaseUITests;
				PRODUCT_NAME = "$(TARGET_NAME)";
				SWIFT_EMIT_LOC_STRINGS = NO;
				SWIFT_VERSION = 5.0;
				TARGETED_DEVICE_FAMILY = "1,2";
				TEST_TARGET_NAME = Reciplease;
			};
			name = Release;
		};
/* End XCBuildConfiguration section */

/* Begin XCConfigurationList section */
		52DEEA43275D3DD400548415 /* Build configuration list for PBXProject "Reciplease" */ = {
			isa = XCConfigurationList;
			buildConfigurations = (
				52DEEA73275D3DD500548415 /* Debug */,
				52DEEA74275D3DD500548415 /* Release */,
			);
			defaultConfigurationIsVisible = 0;
			defaultConfigurationName = Release;
		};
		52DEEA75275D3DD500548415 /* Build configuration list for PBXNativeTarget "Reciplease" */ = {
			isa = XCConfigurationList;
			buildConfigurations = (
				52DEEA76275D3DD500548415 /* Debug */,
				52DEEA77275D3DD500548415 /* Release */,
			);
			defaultConfigurationIsVisible = 0;
			defaultConfigurationName = Release;
		};
		52DEEA78275D3DD500548415 /* Build configuration list for PBXNativeTarget "RecipleaseTests" */ = {
			isa = XCConfigurationList;
			buildConfigurations = (
				52DEEA79275D3DD500548415 /* Debug */,
				52DEEA7A275D3DD500548415 /* Release */,
			);
			defaultConfigurationIsVisible = 0;
			defaultConfigurationName = Release;
		};
		52DEEA7B275D3DD500548415 /* Build configuration list for PBXNativeTarget "RecipleaseUITests" */ = {
			isa = XCConfigurationList;
			buildConfigurations = (
				52DEEA7C275D3DD500548415 /* Debug */,
				52DEEA7D275D3DD500548415 /* Release */,
			);
			defaultConfigurationIsVisible = 0;
			defaultConfigurationName = Release;
		};
/* End XCConfigurationList section */

/* Begin XCVersionGroup section */
		52DEEA54275D3DD400548415 /* Reciplease.xcdatamodeld */ = {
			isa = XCVersionGroup;
			children = (
				52DEEA55275D3DD400548415 /* Reciplease.xcdatamodel */,
			);
			currentVersion = 52DEEA55275D3DD400548415 /* Reciplease.xcdatamodel */;
			path = Reciplease.xcdatamodeld;
			sourceTree = "<group>";
			versionGroupType = wrapper.xcdatamodel;
		};
/* End XCVersionGroup section */
	};
	rootObject = 52DEEA40275D3DD400548415 /* Project object */;
}
